<?xml version="1.0" encoding="utf-8"?>
<Project ToolsVersion="4.0" xmlns="http://schemas.microsoft.com/developer/msbuild/2003">
  <ItemGroup>
    <Filter Include="Header Files">
      <UniqueIdentifier>{911ac04c-b874-43e3-8e28-0f6145532e00}</UniqueIdentifier>
    </Filter>
    <Filter Include="Source Files">
      <UniqueIdentifier>{fdd673d2-a17b-4bf9-a73b-c9968b27c978}</UniqueIdentifier>
    </Filter>
  </ItemGroup>
  <ItemGroup>
    <ClCompile Include="main.cpp">
      <Filter>Source Files</Filter>
    </ClCompile>
    <ClCompile Include="object.cpp">
      <Filter>Source Files</Filter>
    </ClCompile>
    <ClCompile Include="plane.cpp">
      <Filter>Source Files</Filter>
    </ClCompile>
  </ItemGroup>
  <ItemGroup>
    <ClInclude Include="ammo.h">
      <Filter>Header Files</Filter>
    </ClInclude>
    <ClInclude Include="bullet.h">
      <Filter>Header Files</Filter>
    </ClInclude>
    <ClInclude Include="chair.h">
      <Filter>Header Files</Filter>
    </ClInclude>
    <ClInclude Include="desk.h">
      <Filter>Header Files</Filter>
    </ClInclude>
    <ClInclude Include="fan.h">
      <Filter>Header Files</Filter>
    </ClInclude>
    <ClInclude Include="GameEnd.h">
      <Filter>Header Files</Filter>
    </ClInclude>
    <ClInclude Include="Hud.h">
      <Filter>Header Files</Filter>
    </ClInclude>
    <ClInclude Include="input.h">
      <Filter>Header Files</Filter>
    </ClInclude>
    <ClInclude Include="landingpad.h">
      <Filter>Header Files</Filter>
    </ClInclude>
    <ClInclude Include="lightfixture.h">
      <Filter>Header Files</Filter>
    </ClInclude>
    <ClInclude Include="monster.h">
      <Filter>Header Files</Filter>
    </ClInclude>
    <ClInclude Include="movement.h">
      <Filter>Header Files</Filter>
    </ClInclude>
    <ClInclude Include="object.h">
      <Filter>Header Files</Filter>
    </ClInclude>
    <ClInclude Include="plane.h">
      <Filter>Header Files</Filter>
    </ClInclude>
    <ClInclude Include="powerup.h">
      <Filter>Header Files</Filter>
    </ClInclude>
    <ClInclude Include="scenery.h">
      <Filter>Header Files</Filter>
    </ClInclude>
    <ClInclude Include="shield.h">
      <Filter>Header Files</Filter>
    </ClInclude>
    <ClInclude Include="Sound.h">
      <Filter>Header Files</Filter>
    </ClInclude>
    <ClInclude Include="switch.h">
      <Filter>Header Files</Filter>
    </ClInclude>
    <ClInclude Include="turbo.h">
      <Filter>Header Files</Filter>
    </ClInclude>
  </ItemGroup>
</Project>